
Microsoft Visual Studio Solution File, Format Version 12.00
# Visual Studio 15
VisualStudioVersion = 15.0.28010.2016
MinimumVisualStudioVersion = 10.0.40219.1
Project("{888888A0-9F3D-457C-B088-3A5042F75D52}") = "Tehtava2", "Tehtava2\Tehtava2.pyproj", "{7226484F-3538-43B1-A737-31296B1F4B6C}"
EndProject
Global
	GlobalSection(SolutionConfigurationPlatforms) = preSolution
		Debug|Any CPU = Debug|Any CPU
		Release|Any CPU = Release|Any CPU
	EndGlobalSection
	GlobalSection(ProjectConfigurationPlatforms) = postSolution
		{7226484F-3538-43B1-A737-31296B1F4B6C}.Debug|Any CPU.ActiveCfg = Debug|Any CPU
		{7226484F-3538-43B1-A737-31296B1F4B6C}.Release|Any CPU.ActiveCfg = Release|Any CPU
	EndGlobalSection
	GlobalSection(SolutionProperties) = preSolution
		HideSolutionNode = FALSE
	EndGlobalSection
	GlobalSection(ExtensibilityGlobals) = postSolution
		SolutionGuid = {8F2CF14C-31BF-46EC-A804-A12CDC1DF2D1}
	EndGlobalSection
EndGlobal
